
Microsoft Visual Studio Solution File, Format Version 12.00
# Visual Studio 15
VisualStudioVersion = 15.0.27004.2002
MinimumVisualStudioVersion = 10.0.40219.1
Project("{FAE04EC0-301F-11D3-BF4B-00C04F79EFBC}") = "Gravity", "Gravity\Gravity.csproj", "{CFA21C47-85E1-47B9-A824-7CD3989C9998}"
EndProject
Project("{FAE04EC0-301F-11D3-BF4B-00C04F79EFBC}") = "Gravity.Test", "Gravity.Test\Gravity.Test.csproj", "{5A30BD81-511E-40D3-BA48-08399AE61A7B}"
EndProject
Project("{FAE04EC0-301F-11D3-BF4B-00C04F79EFBC}") = "Gravity.Generator.Test", "Gravity.Generator.Test\Gravity.Generator.Test.csproj", "{1B716059-44F3-48E1-B1D6-220CCF3903D2}"
EndProject
Project("{FAE04EC0-301F-11D3-BF4B-00C04F79EFBC}") = "Gravity.Generator", "Gravity.Generator\Gravity.Generator.csproj", "{9D3405C5-ABAC-42DA-804F-F5D53AB0AD7C}"
EndProject
Global
	GlobalSection(SolutionConfigurationPlatforms) = preSolution
		Debug|Any CPU = Debug|Any CPU
		Release|Any CPU = Release|Any CPU
	EndGlobalSection
	GlobalSection(ProjectConfigurationPlatforms) = postSolution
		{CFA21C47-85E1-47B9-A824-7CD3989C9998}.Debug|Any CPU.ActiveCfg = Debug|Any CPU
		{CFA21C47-85E1-47B9-A824-7CD3989C9998}.Debug|Any CPU.Build.0 = Debug|Any CPU
		{CFA21C47-85E1-47B9-A824-7CD3989C9998}.Release|Any CPU.ActiveCfg = Release|Any CPU
		{CFA21C47-85E1-47B9-A824-7CD3989C9998}.Release|Any CPU.Build.0 = Release|Any CPU
		{5A30BD81-511E-40D3-BA48-08399AE61A7B}.Debug|Any CPU.ActiveCfg = Debug|Any CPU
		{5A30BD81-511E-40D3-BA48-08399AE61A7B}.Debug|Any CPU.Build.0 = Debug|Any CPU
		{5A30BD81-511E-40D3-BA48-08399AE61A7B}.Release|Any CPU.ActiveCfg = Release|Any CPU
		{5A30BD81-511E-40D3-BA48-08399AE61A7B}.Release|Any CPU.Build.0 = Release|Any CPU
		{1B716059-44F3-48E1-B1D6-220CCF3903D2}.Debug|Any CPU.ActiveCfg = Debug|Any CPU
		{1B716059-44F3-48E1-B1D6-220CCF3903D2}.Debug|Any CPU.Build.0 = Debug|Any CPU
		{1B716059-44F3-48E1-B1D6-220CCF3903D2}.Release|Any CPU.ActiveCfg = Release|Any CPU
		{1B716059-44F3-48E1-B1D6-220CCF3903D2}.Release|Any CPU.Build.0 = Release|Any CPU
		{9D3405C5-ABAC-42DA-804F-F5D53AB0AD7C}.Debug|Any CPU.ActiveCfg = Debug|Any CPU
		{9D3405C5-ABAC-42DA-804F-F5D53AB0AD7C}.Debug|Any CPU.Build.0 = Debug|Any CPU
		{9D3405C5-ABAC-42DA-804F-F5D53AB0AD7C}.Release|Any CPU.ActiveCfg = Release|Any CPU
		{9D3405C5-ABAC-42DA-804F-F5D53AB0AD7C}.Release|Any CPU.Build.0 = Release|Any CPU
	EndGlobalSection
	GlobalSection(SolutionProperties) = preSolution
		HideSolutionNode = FALSE
	EndGlobalSection
	GlobalSection(ExtensibilityGlobals) = postSolution
		SolutionGuid = {B4EA9381-E16C-4608-B540-744B944A87FB}
	EndGlobalSection
EndGlobal
